
Microsoft Visual Studio Solution File, Format Version 12.00
# Visual Studio Version 17
VisualStudioVersion = 17.0.31903.59
MinimumVisualStudioVersion = 10.0.40219.1
Project("{FAE04EC0-301F-11D3-BF4B-00C04F79EFBC}") = "MyNUnit", "MyNUnit\MyNUnit.csproj", "{1E40854D-19D9-401A-A86A-EF8B0987BB72}"
EndProject
Project("{FAE04EC0-301F-11D3-BF4B-00C04F79EFBC}") = "MyNUnit.Tests", "MyNUnit.Tests\MyNUnit.Tests.csproj", "{CE3260B1-D4B4-4915-BEB5-3FC9AFFEB127}"
EndProject
Project("{FAE04EC0-301F-11D3-BF4B-00C04F79EFBC}") = "TestProject", "TestProject\TestProject\TestProject.csproj", "{BA54CB10-E9EC-4105-816A-5B1EFA44E87B}"
EndProject
Global
	GlobalSection(SolutionConfigurationPlatforms) = preSolution
		Debug|Any CPU = Debug|Any CPU
		Debug|x64 = Debug|x64
		Debug|x86 = Debug|x86
		Release|Any CPU = Release|Any CPU
		Release|x64 = Release|x64
		Release|x86 = Release|x86
	EndGlobalSection
	GlobalSection(ProjectConfigurationPlatforms) = postSolution
		{1E40854D-19D9-401A-A86A-EF8B0987BB72}.Debug|Any CPU.ActiveCfg = Debug|Any CPU
		{1E40854D-19D9-401A-A86A-EF8B0987BB72}.Debug|Any CPU.Build.0 = Debug|Any CPU
		{1E40854D-19D9-401A-A86A-EF8B0987BB72}.Debug|x64.ActiveCfg = Debug|Any CPU
		{1E40854D-19D9-401A-A86A-EF8B0987BB72}.Debug|x64.Build.0 = Debug|Any CPU
		{1E40854D-19D9-401A-A86A-EF8B0987BB72}.Debug|x86.ActiveCfg = Debug|Any CPU
		{1E40854D-19D9-401A-A86A-EF8B0987BB72}.Debug|x86.Build.0 = Debug|Any CPU
		{1E40854D-19D9-401A-A86A-EF8B0987BB72}.Release|Any CPU.ActiveCfg = Release|Any CPU
		{1E40854D-19D9-401A-A86A-EF8B0987BB72}.Release|Any CPU.Build.0 = Release|Any CPU
		{1E40854D-19D9-401A-A86A-EF8B0987BB72}.Release|x64.ActiveCfg = Release|Any CPU
		{1E40854D-19D9-401A-A86A-EF8B0987BB72}.Release|x64.Build.0 = Release|Any CPU
		{1E40854D-19D9-401A-A86A-EF8B0987BB72}.Release|x86.ActiveCfg = Release|Any CPU
		{1E40854D-19D9-401A-A86A-EF8B0987BB72}.Release|x86.Build.0 = Release|Any CPU
		{CE3260B1-D4B4-4915-BEB5-3FC9AFFEB127}.Debug|Any CPU.ActiveCfg = Debug|Any CPU
		{CE3260B1-D4B4-4915-BEB5-3FC9AFFEB127}.Debug|Any CPU.Build.0 = Debug|Any CPU
		{CE3260B1-D4B4-4915-BEB5-3FC9AFFEB127}.Debug|x64.ActiveCfg = Debug|Any CPU
		{CE3260B1-D4B4-4915-BEB5-3FC9AFFEB127}.Debug|x64.Build.0 = Debug|Any CPU
		{CE3260B1-D4B4-4915-BEB5-3FC9AFFEB127}.Debug|x86.ActiveCfg = Debug|Any CPU
		{CE3260B1-D4B4-4915-BEB5-3FC9AFFEB127}.Debug|x86.Build.0 = Debug|Any CPU
		{CE3260B1-D4B4-4915-BEB5-3FC9AFFEB127}.Release|Any CPU.ActiveCfg = Release|Any CPU
		{CE3260B1-D4B4-4915-BEB5-3FC9AFFEB127}.Release|Any CPU.Build.0 = Release|Any CPU
		{CE3260B1-D4B4-4915-BEB5-3FC9AFFEB127}.Release|x64.ActiveCfg = Release|Any CPU
		{CE3260B1-D4B4-4915-BEB5-3FC9AFFEB127}.Release|x64.Build.0 = Release|Any CPU
		{CE3260B1-D4B4-4915-BEB5-3FC9AFFEB127}.Release|x86.ActiveCfg = Release|Any CPU
		{CE3260B1-D4B4-4915-BEB5-3FC9AFFEB127}.Release|x86.Build.0 = Release|Any CPU
		{49EF59DA-E048-46C6-ADBF-2151A2B103FC}.Debug|Any CPU.ActiveCfg = Debug|Any CPU
		{49EF59DA-E048-46C6-ADBF-2151A2B103FC}.Debug|Any CPU.Build.0 = Debug|Any CPU
		{49EF59DA-E048-46C6-ADBF-2151A2B103FC}.Debug|x64.ActiveCfg = Debug|Any CPU
		{49EF59DA-E048-46C6-ADBF-2151A2B103FC}.Debug|x64.Build.0 = Debug|Any CPU
		{49EF59DA-E048-46C6-ADBF-2151A2B103FC}.Debug|x86.ActiveCfg = Debug|Any CPU
		{49EF59DA-E048-46C6-ADBF-2151A2B103FC}.Debug|x86.Build.0 = Debug|Any CPU
		{49EF59DA-E048-46C6-ADBF-2151A2B103FC}.Release|Any CPU.ActiveCfg = Release|Any CPU
		{49EF59DA-E048-46C6-ADBF-2151A2B103FC}.Release|Any CPU.Build.0 = Release|Any CPU
		{49EF59DA-E048-46C6-ADBF-2151A2B103FC}.Release|x64.ActiveCfg = Release|Any CPU
		{49EF59DA-E048-46C6-ADBF-2151A2B103FC}.Release|x64.Build.0 = Release|Any CPU
		{49EF59DA-E048-46C6-ADBF-2151A2B103FC}.Release|x86.ActiveCfg = Release|Any CPU
		{49EF59DA-E048-46C6-ADBF-2151A2B103FC}.Release|x86.Build.0 = Release|Any CPU
		{BA54CB10-E9EC-4105-816A-5B1EFA44E87B}.Debug|Any CPU.ActiveCfg = Debug|Any CPU
		{BA54CB10-E9EC-4105-816A-5B1EFA44E87B}.Debug|Any CPU.Build.0 = Debug|Any CPU
		{BA54CB10-E9EC-4105-816A-5B1EFA44E87B}.Debug|x64.ActiveCfg = Debug|Any CPU
		{BA54CB10-E9EC-4105-816A-5B1EFA44E87B}.Debug|x64.Build.0 = Debug|Any CPU
		{BA54CB10-E9EC-4105-816A-5B1EFA44E87B}.Debug|x86.ActiveCfg = Debug|Any CPU
		{BA54CB10-E9EC-4105-816A-5B1EFA44E87B}.Debug|x86.Build.0 = Debug|Any CPU
		{BA54CB10-E9EC-4105-816A-5B1EFA44E87B}.Release|Any CPU.ActiveCfg = Release|Any CPU
		{BA54CB10-E9EC-4105-816A-5B1EFA44E87B}.Release|Any CPU.Build.0 = Release|Any CPU
		{BA54CB10-E9EC-4105-816A-5B1EFA44E87B}.Release|x64.ActiveCfg = Release|Any CPU
		{BA54CB10-E9EC-4105-816A-5B1EFA44E87B}.Release|x64.Build.0 = Release|Any CPU
		{BA54CB10-E9EC-4105-816A-5B1EFA44E87B}.Release|x86.ActiveCfg = Release|Any CPU
		{BA54CB10-E9EC-4105-816A-5B1EFA44E87B}.Release|x86.Build.0 = Release|Any CPU
	EndGlobalSection
	GlobalSection(SolutionProperties) = preSolution
		HideSolutionNode = FALSE
	EndGlobalSection
	GlobalSection(NestedProjects) = preSolution
		{BA54CB10-E9EC-4105-816A-5B1EFA44E87B} = {EBDF2F2E-014B-4536-5DDE-08F28EFD26BF}
	EndGlobalSection
EndGlobal
