Microsoft Visual Studio Solution File, Format Version 12.00
# Visual Studio Version 17
VisualStudioVersion = 17.5.2.0
MinimumVisualStudioVersion = 10.0.40219.1
Project("{FAE04EC0-301F-11D3-BF4B-00C04F79EFBC}") = "MyThreadPool", "MyThreadPool\MyThreadPool.csproj", "{836C6E3D-034E-BD5F-12BC-FD1FD03D9819}"
EndProject
Project("{FAE04EC0-301F-11D3-BF4B-00C04F79EFBC}") = "MyThreadPool.Tests", "MyThreadPool.Tests\MyThreadPool.Tests.csproj", "{C81E89CA-01A5-6E90-BB77-29F26E4BD62F}"
EndProject
Global
	GlobalSection(SolutionConfigurationPlatforms) = preSolution
		Debug|Any CPU = Debug|Any CPU
		Release|Any CPU = Release|Any CPU
	EndGlobalSection
	GlobalSection(ProjectConfigurationPlatforms) = postSolution
		{836C6E3D-034E-BD5F-12BC-FD1FD03D9819}.Debug|Any CPU.ActiveCfg = Debug|Any CPU
		{836C6E3D-034E-BD5F-12BC-FD1FD03D9819}.Debug|Any CPU.Build.0 = Debug|Any CPU
		{836C6E3D-034E-BD5F-12BC-FD1FD03D9819}.Release|Any CPU.ActiveCfg = Release|Any CPU
		{836C6E3D-034E-BD5F-12BC-FD1FD03D9819}.Release|Any CPU.Build.0 = Release|Any CPU
		{C81E89CA-01A5-6E90-BB77-29F26E4BD62F}.Debug|Any CPU.ActiveCfg = Debug|Any CPU
		{C81E89CA-01A5-6E90-BB77-29F26E4BD62F}.Debug|Any CPU.Build.0 = Debug|Any CPU
		{C81E89CA-01A5-6E90-BB77-29F26E4BD62F}.Release|Any CPU.ActiveCfg = Release|Any CPU
		{C81E89CA-01A5-6E90-BB77-29F26E4BD62F}.Release|Any CPU.Build.0 = Release|Any CPU
	EndGlobalSection
	GlobalSection(SolutionProperties) = preSolution
		HideSolutionNode = FALSE
	EndGlobalSection
	GlobalSection(ExtensibilityGlobals) = postSolution
		SolutionGuid = {7D7D6C71-5C33-43BC-8946-4D5976234774}
	EndGlobalSection
EndGlobal
