Microsoft Visual Studio Solution File, Format Version 12.00
# Visual Studio Version 17
VisualStudioVersion = 17.5.2.0
MinimumVisualStudioVersion = 10.0.40219.1
Project("{FAE04EC0-301F-11D3-BF4B-00C04F79EFBC}") = "Test1", "Test1\Test1.csproj", "{4A034DFE-FD31-D859-34CF-311B54F2A02C}"
EndProject
Project("{FAE04EC0-301F-11D3-BF4B-00C04F79EFBC}") = "Test1.Tests", "Test1.Tests\Test1.Tests.csproj", "{19E9B14F-4DB0-7DD7-E578-5B84854A6320}"
EndProject
Global
	GlobalSection(SolutionConfigurationPlatforms) = preSolution
		Debug|Any CPU = Debug|Any CPU
		Release|Any CPU = Release|Any CPU
	EndGlobalSection
	GlobalSection(ProjectConfigurationPlatforms) = postSolution
		{4A034DFE-FD31-D859-34CF-311B54F2A02C}.Debug|Any CPU.ActiveCfg = Debug|Any CPU
		{4A034DFE-FD31-D859-34CF-311B54F2A02C}.Debug|Any CPU.Build.0 = Debug|Any CPU
		{4A034DFE-FD31-D859-34CF-311B54F2A02C}.Release|Any CPU.ActiveCfg = Release|Any CPU
		{4A034DFE-FD31-D859-34CF-311B54F2A02C}.Release|Any CPU.Build.0 = Release|Any CPU
		{19E9B14F-4DB0-7DD7-E578-5B84854A6320}.Debug|Any CPU.ActiveCfg = Debug|Any CPU
		{19E9B14F-4DB0-7DD7-E578-5B84854A6320}.Debug|Any CPU.Build.0 = Debug|Any CPU
		{19E9B14F-4DB0-7DD7-E578-5B84854A6320}.Release|Any CPU.ActiveCfg = Release|Any CPU
		{19E9B14F-4DB0-7DD7-E578-5B84854A6320}.Release|Any CPU.Build.0 = Release|Any CPU
	EndGlobalSection
	GlobalSection(SolutionProperties) = preSolution
		HideSolutionNode = FALSE
	EndGlobalSection
	GlobalSection(ExtensibilityGlobals) = postSolution
		SolutionGuid = {AD4590FF-4696-4BCD-921E-DDE0D8940BA9}
	EndGlobalSection
EndGlobal
