
Microsoft Visual Studio Solution File, Format Version 12.00
# Visual Studio Version 17
VisualStudioVersion = 17.5.2.0
MinimumVisualStudioVersion = 10.0.40219.1
Project("{2150E333-8FDC-42A3-9474-1A3956D46DE8}") = "Task", "Task", "{85D98BDA-0DDA-B873-B90D-60F29E2E51CE}"
EndProject
Project("{FAE04EC0-301F-11D3-BF4B-00C04F79EFBC}") = "Test3", "Task\Test3.csproj", "{26434456-8E74-C05D-D8E4-8D44B36E827F}"
EndProject
Project("{FAE04EC0-301F-11D3-BF4B-00C04F79EFBC}") = "Test3.Tests", "Test3.Tests\Test3.Tests.csproj", "{3D9FC9AB-BD66-4C8C-A935-5842EAB2248D}"
EndProject
Global
	GlobalSection(SolutionConfigurationPlatforms) = preSolution
		Debug|Any CPU = Debug|Any CPU
		Debug|x64 = Debug|x64
		Debug|x86 = Debug|x86
		Release|Any CPU = Release|Any CPU
		Release|x64 = Release|x64
		Release|x86 = Release|x86
	EndGlobalSection
	GlobalSection(ProjectConfigurationPlatforms) = postSolution
		{26434456-8E74-C05D-D8E4-8D44B36E827F}.Debug|Any CPU.ActiveCfg = Debug|Any CPU
		{26434456-8E74-C05D-D8E4-8D44B36E827F}.Debug|Any CPU.Build.0 = Debug|Any CPU
		{26434456-8E74-C05D-D8E4-8D44B36E827F}.Debug|x64.ActiveCfg = Debug|Any CPU
		{26434456-8E74-C05D-D8E4-8D44B36E827F}.Debug|x64.Build.0 = Debug|Any CPU
		{26434456-8E74-C05D-D8E4-8D44B36E827F}.Debug|x86.ActiveCfg = Debug|Any CPU
		{26434456-8E74-C05D-D8E4-8D44B36E827F}.Debug|x86.Build.0 = Debug|Any CPU
		{26434456-8E74-C05D-D8E4-8D44B36E827F}.Release|Any CPU.ActiveCfg = Release|Any CPU
		{26434456-8E74-C05D-D8E4-8D44B36E827F}.Release|Any CPU.Build.0 = Release|Any CPU
		{26434456-8E74-C05D-D8E4-8D44B36E827F}.Release|x64.ActiveCfg = Release|Any CPU
		{26434456-8E74-C05D-D8E4-8D44B36E827F}.Release|x64.Build.0 = Release|Any CPU
		{26434456-8E74-C05D-D8E4-8D44B36E827F}.Release|x86.ActiveCfg = Release|Any CPU
		{26434456-8E74-C05D-D8E4-8D44B36E827F}.Release|x86.Build.0 = Release|Any CPU
		{3D9FC9AB-BD66-4C8C-A935-5842EAB2248D}.Debug|Any CPU.ActiveCfg = Debug|Any CPU
		{3D9FC9AB-BD66-4C8C-A935-5842EAB2248D}.Debug|Any CPU.Build.0 = Debug|Any CPU
		{3D9FC9AB-BD66-4C8C-A935-5842EAB2248D}.Debug|x64.ActiveCfg = Debug|Any CPU
		{3D9FC9AB-BD66-4C8C-A935-5842EAB2248D}.Debug|x64.Build.0 = Debug|Any CPU
		{3D9FC9AB-BD66-4C8C-A935-5842EAB2248D}.Debug|x86.ActiveCfg = Debug|Any CPU
		{3D9FC9AB-BD66-4C8C-A935-5842EAB2248D}.Debug|x86.Build.0 = Debug|Any CPU
		{3D9FC9AB-BD66-4C8C-A935-5842EAB2248D}.Release|Any CPU.ActiveCfg = Release|Any CPU
		{3D9FC9AB-BD66-4C8C-A935-5842EAB2248D}.Release|Any CPU.Build.0 = Release|Any CPU
		{3D9FC9AB-BD66-4C8C-A935-5842EAB2248D}.Release|x64.ActiveCfg = Release|Any CPU
		{3D9FC9AB-BD66-4C8C-A935-5842EAB2248D}.Release|x64.Build.0 = Release|Any CPU
		{3D9FC9AB-BD66-4C8C-A935-5842EAB2248D}.Release|x86.ActiveCfg = Release|Any CPU
		{3D9FC9AB-BD66-4C8C-A935-5842EAB2248D}.Release|x86.Build.0 = Release|Any CPU
	EndGlobalSection
	GlobalSection(SolutionProperties) = preSolution
		HideSolutionNode = FALSE
	EndGlobalSection
	GlobalSection(NestedProjects) = preSolution
		{26434456-8E74-C05D-D8E4-8D44B36E827F} = {85D98BDA-0DDA-B873-B90D-60F29E2E51CE}
	EndGlobalSection
	GlobalSection(ExtensibilityGlobals) = postSolution
		SolutionGuid = {D7C8389C-1743-4787-A69C-46B917BA37D7}
	EndGlobalSection
EndGlobal
